{
  "name": "fieldtrip_v4_remove_canvases_2023_12_15_06_19_46",
  "version": "1.0.0",
  "lockfileVersion": 3,
  "requires": true,
  "packate":"module",
  "packages": {
    "": {
      "name": "fieldtrip_v4_remove_canvases_2023_12_15_06_19_46",
      "version": "1.0.0",
      "license": "ISC"
    }
  }
}
